
Microsoft Visual Studio Solution File, Format Version 12.00
# Visual Studio 15
VisualStudioVersion = 15.0.28010.0
MinimumVisualStudioVersion = 10.0.40219.1
Project("{FAE04EC0-301F-11D3-BF4B-00C04F79EFBC}") = "Chapter03", "Chapter03.csproj", "{78AF6B30-A722-4AFB-B690-042B3C92DFD1}"
EndProject
Project("{FAE04EC0-301F-11D3-BF4B-00C04F79EFBC}") = "Chapter03.Tests", "Chapter03.Tests\Chapter03.Tests.csproj", "{058D8991-7A0F-44C0-8B8B-A646FF6F1367}"
EndProject
Global
	GlobalSection(SolutionConfigurationPlatforms) = preSolution
		Debug|Any CPU = Debug|Any CPU
		Release|Any CPU = Release|Any CPU
	EndGlobalSection
	GlobalSection(ProjectConfigurationPlatforms) = postSolution
		{78AF6B30-A722-4AFB-B690-042B3C92DFD1}.Debug|Any CPU.ActiveCfg = Debug|Any CPU
		{78AF6B30-A722-4AFB-B690-042B3C92DFD1}.Debug|Any CPU.Build.0 = Debug|Any CPU
		{78AF6B30-A722-4AFB-B690-042B3C92DFD1}.Release|Any CPU.ActiveCfg = Release|Any CPU
		{78AF6B30-A722-4AFB-B690-042B3C92DFD1}.Release|Any CPU.Build.0 = Release|Any CPU
		{058D8991-7A0F-44C0-8B8B-A646FF6F1367}.Debug|Any CPU.ActiveCfg = Debug|Any CPU
		{058D8991-7A0F-44C0-8B8B-A646FF6F1367}.Debug|Any CPU.Build.0 = Debug|Any CPU
		{058D8991-7A0F-44C0-8B8B-A646FF6F1367}.Release|Any CPU.ActiveCfg = Release|Any CPU
		{058D8991-7A0F-44C0-8B8B-A646FF6F1367}.Release|Any CPU.Build.0 = Release|Any CPU
	EndGlobalSection
	GlobalSection(SolutionProperties) = preSolution
		HideSolutionNode = FALSE
	EndGlobalSection
	GlobalSection(ExtensibilityGlobals) = postSolution
		SolutionGuid = {42AE5152-872D-448C-98CF-22D6D922D9AD}
	EndGlobalSection
EndGlobal
